// !$*UTF8*$!
{
	archiveVersion = 1;
	classes = {
	};
	objectVersion = 50;
	objects = {

/* Begin PBXBuildFile section */
		BBAD2A78219A76EC001054D7 /* AppDelegate.m in Sources */ = {isa = PBXBuildFile; fileRef = BBAD2A77219A76EC001054D7 /* AppDelegate.m */; };
		BBAD2A7B219A76EC001054D7 /* ViewController.m in Sources */ = {isa = PBXBuildFile; fileRef = BBAD2A7A219A76EC001054D7 /* ViewController.m */; };
		BBAD2A7E219A76EC001054D7 /* Main.storyboard in Resources */ = {isa = PBXBuildFile; fileRef = BBAD2A7C219A76EC001054D7 /* Main.storyboard */; };
		BBAD2A80219A76EE001054D7 /* Assets.xcassets in Resources */ = {isa = PBXBuildFile; fileRef = BBAD2A7F219A76EE001054D7 /* Assets.xcassets */; };
		BBAD2A83219A76EE001054D7 /* LaunchScreen.storyboard in Resources */ = {isa = PBXBuildFile; fileRef = BBAD2A81219A76EE001054D7 /* LaunchScreen.storyboard */; };
		BBAD2A86219A76EE001054D7 /* main.m in Sources */ = {isa = PBXBuildFile; fileRef = BBAD2A85219A76EE001054D7 /* main.m */; };
		BBAD2A90219A76EE001054D7 /* ImagePickAndClipTests.m in Sources */ = {isa = PBXBuildFile; fileRef = BBAD2A8F219A76EE001054D7 /* ImagePickAndClipTests.m */; };
		BBAD2A9B219A76EE001054D7 /* ImagePickAndClipUITests.m in Sources */ = {isa = PBXBuildFile; fileRef = BBAD2A9A219A76EE001054D7 /* ImagePickAndClipUITests.m */; };
		BBAD2AAA219A7A25001054D7 /* HTClipImageController.m in Sources */ = {isa = PBXBuildFile; fileRef = BBAD2AA8219A7A25001054D7 /* HTClipImageController.m */; };
/* End PBXBuildFile section */

/* Begin PBXContainerItemProxy section */
		BBAD2A8C219A76EE001054D7 /* PBXContainerItemProxy */ = {
			isa = PBXContainerItemProxy;
			containerPortal = BBAD2A6B219A76EC001054D7 /* Project object */;
			proxyType = 1;
			remoteGlobalIDString = BBAD2A72219A76EC001054D7;
			remoteInfo = ImagePickAndClip;
		};
		BBAD2A97219A76EE001054D7 /* PBXContainerItemProxy */ = {
			isa = PBXContainerItemProxy;
			containerPortal = BBAD2A6B219A76EC001054D7 /* Project object */;
			proxyType = 1;
			remoteGlobalIDString = BBAD2A72219A76EC001054D7;
			remoteInfo = ImagePickAndClip;
		};
/* End PBXContainerItemProxy section */

/* Begin PBXFileReference section */
		BBAD2A73219A76EC001054D7 /* ImagePickAndClip.app */ = {isa = PBXFileReference; explicitFileType = wrapper.application; includeInIndex = 0; path = ImagePickAndClip.app; sourceTree = BUILT_PRODUCTS_DIR; };
		BBAD2A76219A76EC001054D7 /* AppDelegate.h */ = {isa = PBXFileReference; lastKnownFileType = sourcecode.c.h; path = AppDelegate.h; sourceTree = "<group>"; };
		BBAD2A77219A76EC001054D7 /* AppDelegate.m */ = {isa = PBXFileReference; lastKnownFileType = sourcecode.c.objc; path = AppDelegate.m; sourceTree = "<group>"; };
		BBAD2A79219A76EC001054D7 /* ViewController.h */ = {isa = PBXFileReference; lastKnownFileType = sourcecode.c.h; path = ViewController.h; sourceTree = "<group>"; };
		BBAD2A7A219A76EC001054D7 /* ViewController.m */ = {isa = PBXFileReference; lastKnownFileType = sourcecode.c.objc; path = ViewController.m; sourceTree = "<group>"; };
		BBAD2A7D219A76EC001054D7 /* Base */ = {isa = PBXFileReference; lastKnownFileType = file.storyboard; name = Base; path = Base.lproj/Main.storyboard; sourceTree = "<group>"; };
		BBAD2A7F219A76EE001054D7 /* Assets.xcassets */ = {isa = PBXFileReference; lastKnownFileType = folder.assetcatalog; path = Assets.xcassets; sourceTree = "<group>"; };
		BBAD2A82219A76EE001054D7 /* Base */ = {isa = PBXFileReference; lastKnownFileType = file.storyboard; name = Base; path = Base.lproj/LaunchScreen.storyboard; sourceTree = "<group>"; };
		BBAD2A84219A76EE001054D7 /* Info.plist */ = {isa = PBXFileReference; lastKnownFileType = text.plist.xml; path = Info.plist; sourceTree = "<group>"; };
		BBAD2A85219A76EE001054D7 /* main.m */ = {isa = PBXFileReference; lastKnownFileType = sourcecode.c.objc; path = main.m; sourceTree = "<group>"; };
		BBAD2A8B219A76EE001054D7 /* ImagePickAndClipTests.xctest */ = {isa = PBXFileReference; explicitFileType = wrapper.cfbundle; includeInIndex = 0; path = ImagePickAndClipTests.xctest; sourceTree = BUILT_PRODUCTS_DIR; };
		BBAD2A8F219A76EE001054D7 /* ImagePickAndClipTests.m */ = {isa = PBXFileReference; lastKnownFileType = sourcecode.c.objc; path = ImagePickAndClipTests.m; sourceTree = "<group>"; };
		BBAD2A91219A76EE001054D7 /* Info.plist */ = {isa = PBXFileReference; lastKnownFileType = text.plist.xml; path = Info.plist; sourceTree = "<group>"; };
		BBAD2A96219A76EE001054D7 /* ImagePickAndClipUITests.xctest */ = {isa = PBXFileReference; explicitFileType = wrapper.cfbundle; includeInIndex = 0; path = ImagePickAndClipUITests.xctest; sourceTree = BUILT_PRODUCTS_DIR; };
		BBAD2A9A219A76EE001054D7 /* ImagePickAndClipUITests.m */ = {isa = PBXFileReference; lastKnownFileType = sourcecode.c.objc; path = ImagePickAndClipUITests.m; sourceTree = "<group>"; };
		BBAD2A9C219A76EE001054D7 /* Info.plist */ = {isa = PBXFileReference; lastKnownFileType = text.plist.xml; path = Info.plist; sourceTree = "<group>"; };
		BBAD2AA8219A7A25001054D7 /* HTClipImageController.m */ = {isa = PBXFileReference; fileEncoding = 4; lastKnownFileType = sourcecode.c.objc; path = HTClipImageController.m; sourceTree = "<group>"; };
		BBAD2AA9219A7A25001054D7 /* HTClipImageController.h */ = {isa = PBXFileReference; fileEncoding = 4; lastKnownFileType = sourcecode.c.h; path = HTClipImageController.h; sourceTree = "<group>"; };
/* End PBXFileReference section */

/* Begin PBXFrameworksBuildPhase section */
		BBAD2A70219A76EC001054D7 /* Frameworks */ = {
			isa = PBXFrameworksBuildPhase;
			buildActionMask = 2147483647;
			files = (
			);
			runOnlyForDeploymentPostprocessing = 0;
		};
		BBAD2A88219A76EE001054D7 /* Frameworks */ = {
			isa = PBXFrameworksBuildPhase;
			buildActionMask = 2147483647;
			files = (
			);
			runOnlyForDeploymentPostprocessing = 0;
		};
		BBAD2A93219A76EE001054D7 /* Frameworks */ = {
			isa = PBXFrameworksBuildPhase;
			buildActionMask = 2147483647;
			files = (
			);
			runOnlyForDeploymentPostprocessing = 0;
		};
/* End PBXFrameworksBuildPhase section */

/* Begin PBXGroup section */
		BBAD2A6A219A76EC001054D7 = {
			isa = PBXGroup;
			children = (
				BBAD2A75219A76EC001054D7 /* ImagePickAndClip */,
				BBAD2A8E219A76EE001054D7 /* ImagePickAndClipTests */,
				BBAD2A99219A76EE001054D7 /* ImagePickAndClipUITests */,
				BBAD2A74219A76EC001054D7 /* Products */,
			);
			sourceTree = "<group>";
		};
		BBAD2A74219A76EC001054D7 /* Products */ = {
			isa = PBXGroup;
			children = (
				BBAD2A73219A76EC001054D7 /* ImagePickAndClip.app */,
				BBAD2A8B219A76EE001054D7 /* ImagePickAndClipTests.xctest */,
				BBAD2A96219A76EE001054D7 /* ImagePickAndClipUITests.xctest */,
			);
			name = Products;
			sourceTree = "<group>";
		};
		BBAD2A75219A76EC001054D7 /* ImagePickAndClip */ = {
			isa = PBXGroup;
			children = (
				BBAD2A76219A76EC001054D7 /* AppDelegate.h */,
				BBAD2A77219A76EC001054D7 /* AppDelegate.m */,
				BBAD2A79219A76EC001054D7 /* ViewController.h */,
				BBAD2A7A219A76EC001054D7 /* ViewController.m */,
				BBAD2AA9219A7A25001054D7 /* HTClipImageController.h */,
				BBAD2AA8219A7A25001054D7 /* HTClipImageController.m */,
				BBAD2A7C219A76EC001054D7 /* Main.storyboard */,
				BBAD2A7F219A76EE001054D7 /* Assets.xcassets */,
				BBAD2A81219A76EE001054D7 /* LaunchScreen.storyboard */,
				BBAD2A84219A76EE001054D7 /* Info.plist */,
				BBAD2A85219A76EE001054D7 /* main.m */,
			);
			path = ImagePickAndClip;
			sourceTree = "<group>";
		};
		BBAD2A8E219A76EE001054D7 /* ImagePickAndClipTests */ = {
			isa = PBXGroup;
			children = (
				BBAD2A8F219A76EE001054D7 /* ImagePickAndClipTests.m */,
				BBAD2A91219A76EE001054D7 /* Info.plist */,
			);
			path = ImagePickAndClipTests;
			sourceTree = "<group>";
		};
		BBAD2A99219A76EE001054D7 /* ImagePickAndClipUITests */ = {
			isa = PBXGroup;
			children = (
				BBAD2A9A219A76EE001054D7 /* ImagePickAndClipUITests.m */,
				BBAD2A9C219A76EE001054D7 /* Info.plist */,
			);
			path = ImagePickAndClipUITests;
			sourceTree = "<group>";
		};
/* End PBXGroup section */

/* Begin PBXNativeTarget section */
		BBAD2A72219A76EC001054D7 /* ImagePickAndClip */ = {
			isa = PBXNativeTarget;
			buildConfigurationList = BBAD2A9F219A76EE001054D7 /* Build configuration list for PBXNativeTarget "ImagePickAndClip" */;
			buildPhases = (
				BBAD2A6F219A76EC001054D7 /* Sources */,
				BBAD2A70219A76EC001054D7 /* Frameworks */,
				BBAD2A71219A76EC001054D7 /* Resources */,
			);
			buildRules = (
			);
			dependencies = (
			);
			name = ImagePickAndClip;
			productName = ImagePickAndClip;
			productReference = BBAD2A73219A76EC001054D7 /* ImagePickAndClip.app */;
			productType = "com.apple.product-type.application";
		};
		BBAD2A8A219A76EE001054D7 /* ImagePickAndClipTests */ = {
			isa = PBXNativeTarget;
			buildConfigurationList = BBAD2AA2219A76EE001054D7 /* Build configuration list for PBXNativeTarget "ImagePickAndClipTests" */;
			buildPhases = (
				BBAD2A87219A76EE001054D7 /* Sources */,
				BBAD2A88219A76EE001054D7 /* Frameworks */,
				BBAD2A89219A76EE001054D7 /* Resources */,
			);
			buildRules = (
			);
			dependencies = (
				BBAD2A8D219A76EE001054D7 /* PBXTargetDependency */,
			);
			name = ImagePickAndClipTests;
			productName = ImagePickAndClipTests;
			productReference = BBAD2A8B219A76EE001054D7 /* ImagePickAndClipTests.xctest */;
			productType = "com.apple.product-type.bundle.unit-test";
		};
		BBAD2A95219A76EE001054D7 /* ImagePickAndClipUITests */ = {
			isa = PBXNativeTarget;
			buildConfigurationList = BBAD2AA5219A76EE001054D7 /* Build configuration list for PBXNativeTarget "ImagePickAndClipUITests" */;
			buildPhases = (
				BBAD2A92219A76EE001054D7 /* Sources */,
				BBAD2A93219A76EE001054D7 /* Frameworks */,
				BBAD2A94219A76EE001054D7 /* Resources */,
			);
			buildRules = (
			);
			dependencies = (
				BBAD2A98219A76EE001054D7 /* PBXTargetDependency */,
			);
			name = ImagePickAndClipUITests;
			productName = ImagePickAndClipUITests;
			productReference = BBAD2A96219A76EE001054D7 /* ImagePickAndClipUITests.xctest */;
			productType = "com.apple.product-type.bundle.ui-testing";
		};
/* End PBXNativeTarget section */

/* Begin PBXProject section */
		BBAD2A6B219A76EC001054D7 /* Project object */ = {
			isa = PBXProject;
			attributes = {
				LastUpgradeCheck = 0940;
				ORGANIZATIONNAME = wangjintao;
				TargetAttributes = {
					BBAD2A72219A76EC001054D7 = {
						CreatedOnToolsVersion = 9.4.1;
					};
					BBAD2A8A219A76EE001054D7 = {
						CreatedOnToolsVersion = 9.4.1;
						TestTargetID = BBAD2A72219A76EC001054D7;
					};
					BBAD2A95219A76EE001054D7 = {
						CreatedOnToolsVersion = 9.4.1;
						TestTargetID = BBAD2A72219A76EC001054D7;
					};
				};
			};
			buildConfigurationList = BBAD2A6E219A76EC001054D7 /* Build configuration list for PBXProject "ImagePickAndClip" */;
			compatibilityVersion = "Xcode 9.3";
			developmentRegion = en;
			hasScannedForEncodings = 0;
			knownRegions = (
				en,
				Base,
			);
			mainGroup = BBAD2A6A219A76EC001054D7;
			productRefGroup = BBAD2A74219A76EC001054D7 /* Products */;
			projectDirPath = "";
			projectRoot = "";
			targets = (
				BBAD2A72219A76EC001054D7 /* ImagePickAndClip */,
				BBAD2A8A219A76EE001054D7 /* ImagePickAndClipTests */,
				BBAD2A95219A76EE001054D7 /* ImagePickAndClipUITests */,
			);
		};
/* End PBXProject section */

/* Begin PBXResourcesBuildPhase section */
		BBAD2A71219A76EC001054D7 /* Resources */ = {
			isa = PBXResourcesBuildPhase;
			buildActionMask = 2147483647;
			files = (
				BBAD2A83219A76EE001054D7 /* LaunchScreen.storyboard in Resources */,
				BBAD2A80219A76EE001054D7 /* Assets.xcassets in Resources */,
				BBAD2A7E219A76EC001054D7 /* Main.storyboard in Resources */,
			);
			runOnlyForDeploymentPostprocessing = 0;
		};
		BBAD2A89219A76EE001054D7 /* Resources */ = {
			isa = PBXResourcesBuildPhase;
			buildActionMask = 2147483647;
			files = (
			);
			runOnlyForDeploymentPostprocessing = 0;
		};
		BBAD2A94219A76EE001054D7 /* Resources */ = {
			isa = PBXResourcesBuildPhase;
			buildActionMask = 2147483647;
			files = (
			);
			runOnlyForDeploymentPostprocessing = 0;
		};
/* End PBXResourcesBuildPhase section */

/* Begin PBXSourcesBuildPhase section */
		BBAD2A6F219A76EC001054D7 /* Sources */ = {
			isa = PBXSourcesBuildPhase;
			buildActionMask = 2147483647;
			files = (
				BBAD2A7B219A76EC001054D7 /* ViewController.m in Sources */,
				BBAD2AAA219A7A25001054D7 /* HTClipImageController.m in Sources */,
				BBAD2A86219A76EE001054D7 /* main.m in Sources */,
				BBAD2A78219A76EC001054D7 /* AppDelegate.m in Sources */,
			);
			runOnlyForDeploymentPostprocessing = 0;
		};
		BBAD2A87219A76EE001054D7 /* Sources */ = {
			isa = PBXSourcesBuildPhase;
			buildActionMask = 2147483647;
			files = (
				BBAD2A90219A76EE001054D7 /* ImagePickAndClipTests.m in Sources */,
			);
			runOnlyForDeploymentPostprocessing = 0;
		};
		BBAD2A92219A76EE001054D7 /* Sources */ = {
			isa = PBXSourcesBuildPhase;
			buildActionMask = 2147483647;
			files = (
				BBAD2A9B219A76EE001054D7 /* ImagePickAndClipUITests.m in Sources */,
			);
			runOnlyForDeploymentPostprocessing = 0;
		};
/* End PBXSourcesBuildPhase section */

/* Begin PBXTargetDependency section */
		BBAD2A8D219A76EE001054D7 /* PBXTargetDependency */ = {
			isa = PBXTargetDependency;
			target = BBAD2A72219A76EC001054D7 /* ImagePickAndClip */;
			targetProxy = BBAD2A8C219A76EE001054D7 /* PBXContainerItemProxy */;
		};
		BBAD2A98219A76EE001054D7 /* PBXTargetDependency */ = {
			isa = PBXTargetDependency;
			target = BBAD2A72219A76EC001054D7 /* ImagePickAndClip */;
			targetProxy = BBAD2A97219A76EE001054D7 /* PBXContainerItemProxy */;
		};
/* End PBXTargetDependency section */

/* Begin PBXVariantGroup section */
		BBAD2A7C219A76EC001054D7 /* Main.storyboard */ = {
			isa = PBXVariantGroup;
			children = (
				BBAD2A7D219A76EC001054D7 /* Base */,
			);
			name = Main.storyboard;
			sourceTree = "<group>";
		};
		BBAD2A81219A76EE001054D7 /* LaunchScreen.storyboard */ = {
			isa = PBXVariantGroup;
			children = (
				BBAD2A82219A76EE001054D7 /* Base */,
			);
			name = LaunchScreen.storyboard;
			sourceTree = "<group>";
		};
/* End PBXVariantGroup section */

/* Begin XCBuildConfiguration section */
		BBAD2A9D219A76EE001054D7 /* Debug */ = {
			isa = XCBuildConfiguration;
			buildSettings = {
				ALWAYS_SEARCH_USER_PATHS = NO;
				CLANG_ANALYZER_NONNULL = YES;
				CLANG_ANALYZER_NUMBER_OBJECT_CONVERSION = YES_AGGRESSIVE;
				CLANG_CXX_LANGUAGE_STANDARD = "gnu++14";
				CLANG_CXX_LIBRARY = "libc++";
				CLANG_ENABLE_MODULES = YES;
				CLANG_ENABLE_OBJC_ARC = YES;
				CLANG_ENABLE_OBJC_WEAK = YES;
				CLANG_WARN_BLOCK_CAPTURE_AUTORELEASING = YES;
				CLANG_WARN_BOOL_CONVERSION = YES;
				CLANG_WARN_COMMA = YES;
				CLANG_WARN_CONSTANT_CONVERSION = YES;
				CLANG_WARN_DEPRECATED_OBJC_IMPLEMENTATIONS = YES;
				CLANG_WARN_DIRECT_OBJC_ISA_USAGE = YES_ERROR;
				CLANG_WARN_DOCUMENTATION_COMMENTS = YES;
				CLANG_WARN_EMPTY_BODY = YES;
				CLANG_WARN_ENUM_CONVERSION = YES;
				CLANG_WARN_INFINITE_RECURSION = YES;
				CLANG_WARN_INT_CONVERSION = YES;
				CLANG_WARN_NON_LITERAL_NULL_CONVERSION = YES;
				CLANG_WARN_OBJC_IMPLICIT_RETAIN_SELF = YES;
				CLANG_WARN_OBJC_LITERAL_CONVERSION = YES;
				CLANG_WARN_OBJC_ROOT_CLASS = YES_ERROR;
				CLANG_WARN_RANGE_LOOP_ANALYSIS = YES;
				CLANG_WARN_STRICT_PROTOTYPES = YES;
				CLANG_WARN_SUSPICIOUS_MOVE = YES;
				CLANG_WARN_UNGUARDED_AVAILABILITY = YES_AGGRESSIVE;
				CLANG_WARN_UNREACHABLE_CODE = YES;
				CLANG_WARN__DUPLICATE_METHOD_MATCH = YES;
				CODE_SIGN_IDENTITY = "iPhone Developer";
				COPY_PHASE_STRIP = NO;
				DEBUG_INFORMATION_FORMAT = dwarf;
				ENABLE_STRICT_OBJC_MSGSEND = YES;
				ENABLE_TESTABILITY = YES;
				GCC_C_LANGUAGE_STANDARD = gnu11;
				GCC_DYNAMIC_NO_PIC = NO;
				GCC_NO_COMMON_BLOCKS = YES;
				GCC_OPTIMIZATION_LEVEL = 0;
				GCC_PREPROCESSOR_DEFINITIONS = (
					"DEBUG=1",
					"$(inherited)",
				);
				GCC_WARN_64_TO_32_BIT_CONVERSION = YES;
				GCC_WARN_ABOUT_RETURN_TYPE = YES_ERROR;
				GCC_WARN_UNDECLARED_SELECTOR = YES;
				GCC_WARN_UNINITIALIZED_AUTOS = YES_AGGRESSIVE;
				GCC_WARN_UNUSED_FUNCTION = YES;
				GCC_WARN_UNUSED_VARIABLE = YES;
				IPHONEOS_DEPLOYMENT_TARGET = 11.4;
				MTL_ENABLE_DEBUG_INFO = YES;
				ONLY_ACTIVE_ARCH = YES;
				SDKROOT = iphoneos;
			};
			name = Debug;
		};
		BBAD2A9E219A76EE001054D7 /* Release */ = {
			isa = XCBuildConfiguration;
			buildSettings = {
				ALWAYS_SEARCH_USER_PATHS = NO;
				CLANG_ANALYZER_NONNULL = YES;
				CLANG_ANALYZER_NUMBER_OBJECT_CONVERSION = YES_AGGRESSIVE;
				CLANG_CXX_LANGUAGE_STANDARD = "gnu++14";
				CLANG_CXX_LIBRARY = "libc++";
				CLANG_ENABLE_MODULES = YES;
				CLANG_ENABLE_OBJC_ARC = YES;
				CLANG_ENABLE_OBJC_WEAK = YES;
				CLANG_WARN_BLOCK_CAPTURE_AUTORELEASING = YES;
				CLANG_WARN_BOOL_CONVERSION = YES;
				CLANG_WARN_COMMA = YES;
				CLANG_WARN_CONSTANT_CONVERSION = YES;
				CLANG_WARN_DEPRECATED_OBJC_IMPLEMENTATIONS = YES;
				CLANG_WARN_DIRECT_OBJC_ISA_USAGE = YES_ERROR;
				CLANG_WARN_DOCUMENTATION_COMMENTS = YES;
				CLANG_WARN_EMPTY_BODY = YES;
				CLANG_WARN_ENUM_CONVERSION = YES;
				CLANG_WARN_INFINITE_RECURSION = YES;
				CLANG_WARN_INT_CONVERSION = YES;
				CLANG_WARN_NON_LITERAL_NULL_CONVERSION = YES;
				CLANG_WARN_OBJC_IMPLICIT_RETAIN_SELF = YES;
				CLANG_WARN_OBJC_LITERAL_CONVERSION = YES;
				CLANG_WARN_OBJC_ROOT_CLASS = YES_ERROR;
				CLANG_WARN_RANGE_LOOP_ANALYSIS = YES;
				CLANG_WARN_STRICT_PROTOTYPES = YES;
				CLANG_WARN_SUSPICIOUS_MOVE = YES;
				CLANG_WARN_UNGUARDED_AVAILABILITY = YES_AGGRESSIVE;
				CLANG_WARN_UNREACHABLE_CODE = YES;
				CLANG_WARN__DUPLICATE_METHOD_MATCH = YES;
				CODE_SIGN_IDENTITY = "iPhone Developer";
				COPY_PHASE_STRIP = NO;
				DEBUG_INFORMATION_FORMAT = "dwarf-with-dsym";
				ENABLE_NS_ASSERTIONS = NO;
				ENABLE_STRICT_OBJC_MSGSEND = YES;
				GCC_C_LANGUAGE_STANDARD = gnu11;
				GCC_NO_COMMON_BLOCKS = YES;
				GCC_WARN_64_TO_32_BIT_CONVERSION = YES;
				GCC_WARN_ABOUT_RETURN_TYPE = YES_ERROR;
				GCC_WARN_UNDECLARED_SELECTOR = YES;
				GCC_WARN_UNINITIALIZED_AUTOS = YES_AGGRESSIVE;
				GCC_WARN_UNUSED_FUNCTION = YES;
				GCC_WARN_UNUSED_VARIABLE = YES;
				IPHONEOS_DEPLOYMENT_TARGET = 11.4;
				MTL_ENABLE_DEBUG_INFO = NO;
				SDKROOT = iphoneos;
				VALIDATE_PRODUCT = YES;
			};
			name = Release;
		};
		BBAD2AA0219A76EE001054D7 /* Debug */ = {
			isa = XCBuildConfiguration;
			buildSettings = {
				ASSETCATALOG_COMPILER_APPICON_NAME = AppIcon;
				CODE_SIGN_STYLE = Automatic;
				INFOPLIST_FILE = ImagePickAndClip/Info.plist;
				IPHONEOS_DEPLOYMENT_TARGET = 8.0;
				LD_RUNPATH_SEARCH_PATHS = (
					"$(inherited)",
					"@executable_path/Frameworks",
				);
				PRODUCT_BUNDLE_IDENTIFIER = JT.ImagePickAndClip;
				PRODUCT_NAME = "$(TARGET_NAME)";
				TARGETED_DEVICE_FAMILY = "1,2";
			};
			name = Debug;
		};
		BBAD2AA1219A76EE001054D7 /* Release */ = {
			isa = XCBuildConfiguration;
			buildSettings = {
				ASSETCATALOG_COMPILER_APPICON_NAME = AppIcon;
				CODE_SIGN_STYLE = Automatic;
				INFOPLIST_FILE = ImagePickAndClip/Info.plist;
				IPHONEOS_DEPLOYMENT_TARGET = 8.0;
				LD_RUNPATH_SEARCH_PATHS = (
					"$(inherited)",
					"@executable_path/Frameworks",
				);
				PRODUCT_BUNDLE_IDENTIFIER = JT.ImagePickAndClip;
				PRODUCT_NAME = "$(TARGET_NAME)";
				TARGETED_DEVICE_FAMILY = "1,2";
			};
			name = Release;
		};
		BBAD2AA3219A76EE001054D7 /* Debug */ = {
			isa = XCBuildConfiguration;
			buildSettings = {
				BUNDLE_LOADER = "$(TEST_HOST)";
				CODE_SIGN_STYLE = Automatic;
				INFOPLIST_FILE = ImagePickAndClipTests/Info.plist;
				LD_RUNPATH_SEARCH_PATHS = (
					"$(inherited)",
					"@executable_path/Frameworks",
					"@loader_path/Frameworks",
				);
				PRODUCT_BUNDLE_IDENTIFIER = JT.ImagePickAndClipTests;
				PRODUCT_NAME = "$(TARGET_NAME)";
				TARGETED_DEVICE_FAMILY = "1,2";
				TEST_HOST = "$(BUILT_PRODUCTS_DIR)/ImagePickAndClip.app/ImagePickAndClip";
			};
			name = Debug;
		};
		BBAD2AA4219A76EE001054D7 /* Release */ = {
			isa = XCBuildConfiguration;
			buildSettings = {
				BUNDLE_LOADER = "$(TEST_HOST)";
				CODE_SIGN_STYLE = Automatic;
				INFOPLIST_FILE = ImagePickAndClipTests/Info.plist;
				LD_RUNPATH_SEARCH_PATHS = (
					"$(inherited)",
					"@executable_path/Frameworks",
					"@loader_path/Frameworks",
				);
				PRODUCT_BUNDLE_IDENTIFIER = JT.ImagePickAndClipTests;
				PRODUCT_NAME = "$(TARGET_NAME)";
				TARGETED_DEVICE_FAMILY = "1,2";
				TEST_HOST = "$(BUILT_PRODUCTS_DIR)/ImagePickAndClip.app/ImagePickAndClip";
			};
			name = Release;
		};
		BBAD2AA6219A76EE001054D7 /* Debug */ = {
			isa = XCBuildConfiguration;
			buildSettings = {
				CODE_SIGN_STYLE = Automatic;
				INFOPLIST_FILE = ImagePickAndClipUITests/Info.plist;
				LD_RUNPATH_SEARCH_PATHS = (
					"$(inherited)",
					"@executable_path/Frameworks",
					"@loader_path/Frameworks",
				);
				PRODUCT_BUNDLE_IDENTIFIER = JT.ImagePickAndClipUITests;
				PRODUCT_NAME = "$(TARGET_NAME)";
				TARGETED_DEVICE_FAMILY = "1,2";
				TEST_TARGET_NAME = ImagePickAndClip;
			};
			name = Debug;
		};
		BBAD2AA7219A76EE001054D7 /* Release */ = {
			isa = XCBuildConfiguration;
			buildSettings = {
				CODE_SIGN_STYLE = Automatic;
				INFOPLIST_FILE = ImagePickAndClipUITests/Info.plist;
				LD_RUNPATH_SEARCH_PATHS = (
					"$(inherited)",
					"@executable_path/Frameworks",
					"@loader_path/Frameworks",
				);
				PRODUCT_BUNDLE_IDENTIFIER = JT.ImagePickAndClipUITests;
				PRODUCT_NAME = "$(TARGET_NAME)";
				TARGETED_DEVICE_FAMILY = "1,2";
				TEST_TARGET_NAME = ImagePickAndClip;
			};
			name = Release;
		};
/* End XCBuildConfiguration section */

/* Begin XCConfigurationList section */
		BBAD2A6E219A76EC001054D7 /* Build configuration list for PBXProject "ImagePickAndClip" */ = {
			isa = XCConfigurationList;
			buildConfigurations = (
				BBAD2A9D219A76EE001054D7 /* Debug */,
				BBAD2A9E219A76EE001054D7 /* Release */,
			);
			defaultConfigurationIsVisible = 0;
			defaultConfigurationName = Release;
		};
		BBAD2A9F219A76EE001054D7 /* Build configuration list for PBXNativeTarget "ImagePickAndClip" */ = {
			isa = XCConfigurationList;
			buildConfigurations = (
				BBAD2AA0219A76EE001054D7 /* Debug */,
				BBAD2AA1219A76EE001054D7 /* Release */,
			);
			defaultConfigurationIsVisible = 0;
			defaultConfigurationName = Release;
		};
		BBAD2AA2219A76EE001054D7 /* Build configuration list for PBXNativeTarget "ImagePickAndClipTests" */ = {
			isa = XCConfigurationList;
			buildConfigurations = (
				BBAD2AA3219A76EE001054D7 /* Debug */,
				BBAD2AA4219A76EE001054D7 /* Release */,
			);
			defaultConfigurationIsVisible = 0;
			defaultConfigurationName = Release;
		};
		BBAD2AA5219A76EE001054D7 /* Build configuration list for PBXNativeTarget "ImagePickAndClipUITests" */ = {
			isa = XCConfigurationList;
			buildConfigurations = (
				BBAD2AA6219A76EE001054D7 /* Debug */,
				BBAD2AA7219A76EE001054D7 /* Release */,
			);
			defaultConfigurationIsVisible = 0;
			defaultConfigurationName = Release;
		};
/* End XCConfigurationList section */
	};
	rootObject = BBAD2A6B219A76EC001054D7 /* Project object */;
}
